
Microsoft Visual Studio Solution File, Format Version 12.00
# Visual Studio 14
VisualStudioVersion = 14.0.25123.0
MinimumVisualStudioVersion = 10.0.40219.1
Project("{74F571EA-DE57-407C-A05D-7B2E4FCCD419}") = "Sitecore.Support.173259", "Sitecore.Support.173259\Sitecore.Support.173259.csproj", "{471A8B06-6D0B-4CA8-98B0-DF98F55C16ED}"
EndProject
Global
	GlobalSection(SolutionConfigurationPlatforms) = preSolution
		Debug|Any CPU = Debug|Any CPU
		Release|Any CPU = Release|Any CPU
	EndGlobalSection
	GlobalSection(ProjectConfigurationPlatforms) = postSolution
		{471A8B06-6D0B-4CA8-98B0-DF98F55C16ED}.Debug|Any CPU.ActiveCfg = Debug|Any CPU
		{471A8B06-6D0B-4CA8-98B0-DF98F55C16ED}.Debug|Any CPU.Build.0 = Debug|Any CPU
		{471A8B06-6D0B-4CA8-98B0-DF98F55C16ED}.Release|Any CPU.ActiveCfg = Release|Any CPU
		{471A8B06-6D0B-4CA8-98B0-DF98F55C16ED}.Release|Any CPU.Build.0 = Release|Any CPU
	EndGlobalSection
	GlobalSection(SolutionProperties) = preSolution
		HideSolutionNode = FALSE
	EndGlobalSection
EndGlobal
